// !$*UTF8*$!
{
	archiveVersion = 1;
	classes = {
	};
	objectVersion = 46;
	objects = {

/* Begin PBXBuildFile section */
		8F51E0121AC7D55300FDAF92 /* ColorWheel.swift in Sources */ = {isa = PBXBuildFile; fileRef = 8F51E0111AC7D55300FDAF92 /* ColorWheel.swift */; };
		8FD67F2A1AC782B50098B095 /* AppDelegate.swift in Sources */ = {isa = PBXBuildFile; fileRef = 8FD67F291AC782B50098B095 /* AppDelegate.swift */; };
		8FD67F2C1AC782B50098B095 /* ViewController.swift in Sources */ = {isa = PBXBuildFile; fileRef = 8FD67F2B1AC782B50098B095 /* ViewController.swift */; };
		8FD67F2F1AC782B50098B095 /* Main.storyboard in Resources */ = {isa = PBXBuildFile; fileRef = 8FD67F2D1AC782B50098B095 /* Main.storyboard */; };
		8FD67F311AC782B50098B095 /* Images.xcassets in Resources */ = {isa = PBXBuildFile; fileRef = 8FD67F301AC782B50098B095 /* Images.xcassets */; };
		8FD67F341AC782B50098B095 /* LaunchScreen.xib in Resources */ = {isa = PBXBuildFile; fileRef = 8FD67F321AC782B50098B095 /* LaunchScreen.xib */; };
		8FD67F401AC782B50098B095 /* FunFactsTests.swift in Sources */ = {isa = PBXBuildFile; fileRef = 8FD67F3F1AC782B50098B095 /* FunFactsTests.swift */; };
		8FF4B6C71AC79E96004EE187 /* FactBook.swift in Sources */ = {isa = PBXBuildFile; fileRef = 8FF4B6C61AC79E96004EE187 /* FactBook.swift */; };
/* End PBXBuildFile section */

/* Begin PBXContainerItemProxy section */
		8FD67F3A1AC782B50098B095 /* PBXContainerItemProxy */ = {
			isa = PBXContainerItemProxy;
			containerPortal = 8FD67F1C1AC782B40098B095 /* Project object */;
			proxyType = 1;
			remoteGlobalIDString = 8FD67F231AC782B40098B095;
			remoteInfo = FunFacts;
		};
/* End PBXContainerItemProxy section */

/* Begin PBXFileReference section */
		8F51E0111AC7D55300FDAF92 /* ColorWheel.swift */ = {isa = PBXFileReference; fileEncoding = 4; lastKnownFileType = sourcecode.swift; path = ColorWheel.swift; sourceTree = "<group>"; };
		8FD67F241AC782B40098B095 /* FunFacts.app */ = {isa = PBXFileReference; explicitFileType = wrapper.application; includeInIndex = 0; path = FunFacts.app; sourceTree = BUILT_PRODUCTS_DIR; };
		8FD67F281AC782B50098B095 /* Info.plist */ = {isa = PBXFileReference; lastKnownFileType = text.plist.xml; path = Info.plist; sourceTree = "<group>"; };
		8FD67F291AC782B50098B095 /* AppDelegate.swift */ = {isa = PBXFileReference; lastKnownFileType = sourcecode.swift; path = AppDelegate.swift; sourceTree = "<group>"; };
		8FD67F2B1AC782B50098B095 /* ViewController.swift */ = {isa = PBXFileReference; lastKnownFileType = sourcecode.swift; path = ViewController.swift; sourceTree = "<group>"; };
		8FD67F2E1AC782B50098B095 /* Base */ = {isa = PBXFileReference; lastKnownFileType = file.storyboard; name = Base; path = Base.lproj/Main.storyboard; sourceTree = "<group>"; };
		8FD67F301AC782B50098B095 /* Images.xcassets */ = {isa = PBXFileReference; lastKnownFileType = folder.assetcatalog; path = Images.xcassets; sourceTree = "<group>"; };
		8FD67F331AC782B50098B095 /* Base */ = {isa = PBXFileReference; lastKnownFileType = file.xib; name = Base; path = Base.lproj/LaunchScreen.xib; sourceTree = "<group>"; };
		8FD67F391AC782B50098B095 /* FunFactsTests.xctest */ = {isa = PBXFileReference; explicitFileType = wrapper.cfbundle; includeInIndex = 0; path = FunFactsTests.xctest; sourceTree = BUILT_PRODUCTS_DIR; };
		8FD67F3E1AC782B50098B095 /* Info.plist */ = {isa = PBXFileReference; lastKnownFileType = text.plist.xml; path = Info.plist; sourceTree = "<group>"; };
		8FD67F3F1AC782B50098B095 /* FunFactsTests.swift */ = {isa = PBXFileReference; lastKnownFileType = sourcecode.swift; path = FunFactsTests.swift; sourceTree = "<group>"; };
		8FD67F491AC783340098B095 /* Scratchpad.playground */ = {isa = PBXFileReference; lastKnownFileType = file.playground; name = Scratchpad.playground; path = FunFacts/Scratchpad.playground; sourceTree = "<group>"; };
		8FF4B6C61AC79E96004EE187 /* FactBook.swift */ = {isa = PBXFileReference; fileEncoding = 4; lastKnownFileType = sourcecode.swift; path = FactBook.swift; sourceTree = "<group>"; };
/* End PBXFileReference section */

/* Begin PBXFrameworksBuildPhase section */
		8FD67F211AC782B40098B095 /* Frameworks */ = {
			isa = PBXFrameworksBuildPhase;
			buildActionMask = 2147483647;
			files = (
			);
			runOnlyForDeploymentPostprocessing = 0;
		};
		8FD67F361AC782B50098B095 /* Frameworks */ = {
			isa = PBXFrameworksBuildPhase;
			buildActionMask = 2147483647;
			files = (
			);
			runOnlyForDeploymentPostprocessing = 0;
		};
/* End PBXFrameworksBuildPhase section */

/* Begin PBXGroup section */
		8FD67F1B1AC782B40098B095 = {
			isa = PBXGroup;
			children = (
				8FD67F4A1AC7834A0098B095 /* Playgrounds */,
				8FD67F261AC782B40098B095 /* FunFacts */,
				8FD67F3C1AC782B50098B095 /* FunFactsTests */,
				8FD67F251AC782B40098B095 /* Products */,
			);
			sourceTree = "<group>";
		};
		8FD67F251AC782B40098B095 /* Products */ = {
			isa = PBXGroup;
			children = (
				8FD67F241AC782B40098B095 /* FunFacts.app */,
				8FD67F391AC782B50098B095 /* FunFactsTests.xctest */,
			);
			name = Products;
			sourceTree = "<group>";
		};
		8FD67F261AC782B40098B095 /* FunFacts */ = {
			isa = PBXGroup;
			children = (
				8FD67F291AC782B50098B095 /* AppDelegate.swift */,
				8FF4B6C61AC79E96004EE187 /* FactBook.swift */,
				8FD67F2B1AC782B50098B095 /* ViewController.swift */,
				8FD67F2D1AC782B50098B095 /* Main.storyboard */,
				8FD67F301AC782B50098B095 /* Images.xcassets */,
				8FD67F321AC782B50098B095 /* LaunchScreen.xib */,
				8FD67F271AC782B50098B095 /* Supporting Files */,
				8F51E0111AC7D55300FDAF92 /* ColorWheel.swift */,
			);
			path = FunFacts;
			sourceTree = "<group>";
		};
		8FD67F271AC782B50098B095 /* Supporting Files */ = {
			isa = PBXGroup;
			children = (
				8FD67F281AC782B50098B095 /* Info.plist */,
			);
			name = "Supporting Files";
			sourceTree = "<group>";
		};
		8FD67F3C1AC782B50098B095 /* FunFactsTests */ = {
			isa = PBXGroup;
			children = (
				8FD67F3F1AC782B50098B095 /* FunFactsTests.swift */,
				8FD67F3D1AC782B50098B095 /* Supporting Files */,
			);
			path = FunFactsTests;
			sourceTree = "<group>";
		};
		8FD67F3D1AC782B50098B095 /* Supporting Files */ = {
			isa = PBXGroup;
			children = (
				8FD67F3E1AC782B50098B095 /* Info.plist */,
			);
			name = "Supporting Files";
			sourceTree = "<group>";
		};
		8FD67F4A1AC7834A0098B095 /* Playgrounds */ = {
			isa = PBXGroup;
			children = (
				8FD67F491AC783340098B095 /* Scratchpad.playground */,
			);
			name = Playgrounds;
			sourceTree = "<group>";
		};
/* End PBXGroup section */

/* Begin PBXNativeTarget section */
		8FD67F231AC782B40098B095 /* FunFacts */ = {
			isa = PBXNativeTarget;
			buildConfigurationList = 8FD67F431AC782B50098B095 /* Build configuration list for PBXNativeTarget "FunFacts" */;
			buildPhases = (
				8FD67F201AC782B40098B095 /* Sources */,
				8FD67F211AC782B40098B095 /* Frameworks */,
				8FD67F221AC782B40098B095 /* Resources */,
			);
			buildRules = (
			);
			dependencies = (
			);
			name = FunFacts;
			productName = FunFacts;
			productReference = 8FD67F241AC782B40098B095 /* FunFacts.app */;
			productType = "com.apple.product-type.application";
		};
		8FD67F381AC782B50098B095 /* FunFactsTests */ = {
			isa = PBXNativeTarget;
			buildConfigurationList = 8FD67F461AC782B50098B095 /* Build configuration list for PBXNativeTarget "FunFactsTests" */;
			buildPhases = (
				8FD67F351AC782B50098B095 /* Sources */,
				8FD67F361AC782B50098B095 /* Frameworks */,
				8FD67F371AC782B50098B095 /* Resources */,
			);
			buildRules = (
			);
			dependencies = (
				8FD67F3B1AC782B50098B095 /* PBXTargetDependency */,
			);
			name = FunFactsTests;
			productName = FunFactsTests;
			productReference = 8FD67F391AC782B50098B095 /* FunFactsTests.xctest */;
			productType = "com.apple.product-type.bundle.unit-test";
		};
/* End PBXNativeTarget section */

/* Begin PBXProject section */
		8FD67F1C1AC782B40098B095 /* Project object */ = {
			isa = PBXProject;
			attributes = {
				LastUpgradeCheck = 0620;
				ORGANIZATIONNAME = "charles harpke";
				TargetAttributes = {
					8FD67F231AC782B40098B095 = {
						CreatedOnToolsVersion = 6.2;
					};
					8FD67F381AC782B50098B095 = {
						CreatedOnToolsVersion = 6.2;
						TestTargetID = 8FD67F231AC782B40098B095;
					};
				};
			};
			buildConfigurationList = 8FD67F1F1AC782B40098B095 /* Build configuration list for PBXProject "FunFacts" */;
			compatibilityVersion = "Xcode 3.2";
			developmentRegion = English;
			hasScannedForEncodings = 0;
			knownRegions = (
				en,
				Base,
			);
			mainGroup = 8FD67F1B1AC782B40098B095;
			productRefGroup = 8FD67F251AC782B40098B095 /* Products */;
			projectDirPath = "";
			projectRoot = "";
			targets = (
				8FD67F231AC782B40098B095 /* FunFacts */,
				8FD67F381AC782B50098B095 /* FunFactsTests */,
			);
		};
/* End PBXProject section */

/* Begin PBXResourcesBuildPhase section */
		8FD67F221AC782B40098B095 /* Resources */ = {
			isa = PBXResourcesBuildPhase;
			buildActionMask = 2147483647;
			files = (
				8FD67F2F1AC782B50098B095 /* Main.storyboard in Resources */,
				8FD67F341AC782B50098B095 /* LaunchScreen.xib in Resources */,
				8FD67F311AC782B50098B095 /* Images.xcassets in Resources */,
			);
			runOnlyForDeploymentPostprocessing = 0;
		};
		8FD67F371AC782B50098B095 /* Resources */ = {
			isa = PBXResourcesBuildPhase;
			buildActionMask = 2147483647;
			files = (
			);
			runOnlyForDeploymentPostprocessing = 0;
		};
/* End PBXResourcesBuildPhase section */

/* Begin PBXSourcesBuildPhase section */
		8FD67F201AC782B40098B095 /* Sources */ = {
			isa = PBXSourcesBuildPhase;
			buildActionMask = 2147483647;
			files = (
				8FF4B6C71AC79E96004EE187 /* FactBook.swift in Sources */,
				8FD67F2C1AC782B50098B095 /* ViewController.swift in Sources */,
				8FD67F2A1AC782B50098B095 /* AppDelegate.swift in Sources */,
				8F51E0121AC7D55300FDAF92 /* ColorWheel.swift in Sources */,
			);
			runOnlyForDeploymentPostprocessing = 0;
		};
		8FD67F351AC782B50098B095 /* Sources */ = {
			isa = PBXSourcesBuildPhase;
			buildActionMask = 2147483647;
			files = (
				8FD67F401AC782B50098B095 /* FunFactsTests.swift in Sources */,
			);
			runOnlyForDeploymentPostprocessing = 0;
		};
/* End PBXSourcesBuildPhase section */

/* Begin PBXTargetDependency section */
		8FD67F3B1AC782B50098B095 /* PBXTargetDependency */ = {
			isa = PBXTargetDependency;
			target = 8FD67F231AC782B40098B095 /* FunFacts */;
			targetProxy = 8FD67F3A1AC782B50098B095 /* PBXContainerItemProxy */;
		};
/* End PBXTargetDependency section */

/* Begin PBXVariantGroup section */
		8FD67F2D1AC782B50098B095 /* Main.storyboard */ = {
			isa = PBXVariantGroup;
			children = (
				8FD67F2E1AC782B50098B095 /* Base */,
			);
			name = Main.storyboard;
			sourceTree = "<group>";
		};
		8FD67F321AC782B50098B095 /* LaunchScreen.xib */ = {
			isa = PBXVariantGroup;
			children = (
				8FD67F331AC782B50098B095 /* Base */,
			);
			name = LaunchScreen.xib;
			sourceTree = "<group>";
		};
/* End PBXVariantGroup section */

/* Begin XCBuildConfiguration section */
		8FD67F411AC782B50098B095 /* Debug */ = {
			isa = XCBuildConfiguration;
			buildSettings = {
				ALWAYS_SEARCH_USER_PATHS = NO;
				CLANG_CXX_LANGUAGE_STANDARD = "gnu++0x";
				CLANG_CXX_LIBRARY = "libc++";
				CLANG_ENABLE_MODULES = YES;
				CLANG_ENABLE_OBJC_ARC = YES;
				CLANG_WARN_BOOL_CONVERSION = YES;
				CLANG_WARN_CONSTANT_CONVERSION = YES;
				CLANG_WARN_DIRECT_OBJC_ISA_USAGE = YES_ERROR;
				CLANG_WARN_EMPTY_BODY = YES;
				CLANG_WARN_ENUM_CONVERSION = YES;
				CLANG_WARN_INT_CONVERSION = YES;
				CLANG_WARN_OBJC_ROOT_CLASS = YES_ERROR;
				CLANG_WARN_UNREACHABLE_CODE = YES;
				CLANG_WARN__DUPLICATE_METHOD_MATCH = YES;
				"CODE_SIGN_IDENTITY[sdk=iphoneos*]" = "iPhone Developer";
				COPY_PHASE_STRIP = NO;
				ENABLE_STRICT_OBJC_MSGSEND = YES;
				GCC_C_LANGUAGE_STANDARD = gnu99;
				GCC_DYNAMIC_NO_PIC = NO;
				GCC_OPTIMIZATION_LEVEL = 0;
				GCC_PREPROCESSOR_DEFINITIONS = (
					"DEBUG=1",
					"$(inherited)",
				);
				GCC_SYMBOLS_PRIVATE_EXTERN = NO;
				GCC_WARN_64_TO_32_BIT_CONVERSION = YES;
				GCC_WARN_ABOUT_RETURN_TYPE = YES_ERROR;
				GCC_WARN_UNDECLARED_SELECTOR = YES;
				GCC_WARN_UNINITIALIZED_AUTOS = YES_AGGRESSIVE;
				GCC_WARN_UNUSED_FUNCTION = YES;
				GCC_WARN_UNUSED_VARIABLE = YES;
				IPHONEOS_DEPLOYMENT_TARGET = 8.2;
				MTL_ENABLE_DEBUG_INFO = YES;
				ONLY_ACTIVE_ARCH = YES;
				SDKROOT = iphoneos;
				SWIFT_OPTIMIZATION_LEVEL = "-Onone";
			};
			name = Debug;
		};
		8FD67F421AC782B50098B095 /* Release */ = {
			isa = XCBuildConfiguration;
			buildSettings = {
				ALWAYS_SEARCH_USER_PATHS = NO;
				CLANG_CXX_LANGUAGE_STANDARD = "gnu++0x";
				CLANG_CXX_LIBRARY = "libc++";
				CLANG_ENABLE_MODULES = YES;
				CLANG_ENABLE_OBJC_ARC = YES;
				CLANG_WARN_BOOL_CONVERSION = YES;
				CLANG_WARN_CONSTANT_CONVERSION = YES;
				CLANG_WARN_DIRECT_OBJC_ISA_USAGE = YES_ERROR;
				CLANG_WARN_EMPTY_BODY = YES;
				CLANG_WARN_ENUM_CONVERSION = YES;
				CLANG_WARN_INT_CONVERSION = YES;
				CLANG_WARN_OBJC_ROOT_CLASS = YES_ERROR;
				CLANG_WARN_UNREACHABLE_CODE = YES;
				CLANG_WARN__DUPLICATE_METHOD_MATCH = YES;
				"CODE_SIGN_IDENTITY[sdk=iphoneos*]" = "iPhone Developer";
				COPY_PHASE_STRIP = NO;
				ENABLE_NS_ASSERTIONS = NO;
				ENABLE_STRICT_OBJC_MSGSEND = YES;
				GCC_C_LANGUAGE_STANDARD = gnu99;
				GCC_WARN_64_TO_32_BIT_CONVERSION = YES;
				GCC_WARN_ABOUT_RETURN_TYPE = YES_ERROR;
				GCC_WARN_UNDECLARED_SELECTOR = YES;
				GCC_WARN_UNINITIALIZED_AUTOS = YES_AGGRESSIVE;
				GCC_WARN_UNUSED_FUNCTION = YES;
				GCC_WARN_UNUSED_VARIABLE = YES;
				IPHONEOS_DEPLOYMENT_TARGET = 8.2;
				MTL_ENABLE_DEBUG_INFO = NO;
				SDKROOT = iphoneos;
				VALIDATE_PRODUCT = YES;
			};
			name = Release;
		};
		8FD67F441AC782B50098B095 /* Debug */ = {
			isa = XCBuildConfiguration;
			buildSettings = {
				ASSETCATALOG_COMPILER_APPICON_NAME = AppIcon;
				INFOPLIST_FILE = FunFacts/Info.plist;
				LD_RUNPATH_SEARCH_PATHS = "$(inherited) @executable_path/Frameworks";
				PRODUCT_NAME = "$(TARGET_NAME)";
			};
			name = Debug;
		};
		8FD67F451AC782B50098B095 /* Release */ = {
			isa = XCBuildConfiguration;
			buildSettings = {
				ASSETCATALOG_COMPILER_APPICON_NAME = AppIcon;
				INFOPLIST_FILE = FunFacts/Info.plist;
				LD_RUNPATH_SEARCH_PATHS = "$(inherited) @executable_path/Frameworks";
				PRODUCT_NAME = "$(TARGET_NAME)";
			};
			name = Release;
		};
		8FD67F471AC782B50098B095 /* Debug */ = {
			isa = XCBuildConfiguration;
			buildSettings = {
				BUNDLE_LOADER = "$(TEST_HOST)";
				FRAMEWORK_SEARCH_PATHS = (
					"$(SDKROOT)/Developer/Library/Frameworks",
					"$(inherited)",
				);
				GCC_PREPROCESSOR_DEFINITIONS = (
					"DEBUG=1",
					"$(inherited)",
				);
				INFOPLIST_FILE = FunFactsTests/Info.plist;
				LD_RUNPATH_SEARCH_PATHS = "$(inherited) @executable_path/Frameworks @loader_path/Frameworks";
				PRODUCT_NAME = "$(TARGET_NAME)";
				TEST_HOST = "$(BUILT_PRODUCTS_DIR)/FunFacts.app/FunFacts";
			};
			name = Debug;
		};
		8FD67F481AC782B50098B095 /* Release */ = {
			isa = XCBuildConfiguration;
			buildSettings = {
				BUNDLE_LOADER = "$(TEST_HOST)";
				FRAMEWORK_SEARCH_PATHS = (
					"$(SDKROOT)/Developer/Library/Frameworks",
					"$(inherited)",
				);
				INFOPLIST_FILE = FunFactsTests/Info.plist;
				LD_RUNPATH_SEARCH_PATHS = "$(inherited) @executable_path/Frameworks @loader_path/Frameworks";
				PRODUCT_NAME = "$(TARGET_NAME)";
				TEST_HOST = "$(BUILT_PRODUCTS_DIR)/FunFacts.app/FunFacts";
			};
			name = Release;
		};
/* End XCBuildConfiguration section */

/* Begin XCConfigurationList section */
		8FD67F1F1AC782B40098B095 /* Build configuration list for PBXProject "FunFacts" */ = {
			isa = XCConfigurationList;
			buildConfigurations = (
				8FD67F411AC782B50098B095 /* Debug */,
				8FD67F421AC782B50098B095 /* Release */,
			);
			defaultConfigurationIsVisible = 0;
			defaultConfigurationName = Release;
		};
		8FD67F431AC782B50098B095 /* Build configuration list for PBXNativeTarget "FunFacts" */ = {
			isa = XCConfigurationList;
			buildConfigurations = (
				8FD67F441AC782B50098B095 /* Debug */,
				8FD67F451AC782B50098B095 /* Release */,
			);
			defaultConfigurationIsVisible = 0;
			defaultConfigurationName = Release;
		};
		8FD67F461AC782B50098B095 /* Build configuration list for PBXNativeTarget "FunFactsTests" */ = {
			isa = XCConfigurationList;
			buildConfigurations = (
				8FD67F471AC782B50098B095 /* Debug */,
				8FD67F481AC782B50098B095 /* Release */,
			);
			defaultConfigurationIsVisible = 0;
			defaultConfigurationName = Release;
		};
/* End XCConfigurationList section */
	};
	rootObject = 8FD67F1C1AC782B40098B095 /* Project object */;
}
